<?xml version="1.0" encoding="utf-8"?>
<Project ToolsVersion="4.0" xmlns="http://schemas.microsoft.com/developer/msbuild/2003">
  <ItemGroup>
    <Filter Include="src">
      <UniqueIdentifier>{67DA6AB6-F800-4c08-8B7A-83BB121AAD01}</UniqueIdentifier>
      <Extensions>rc;ico;cur;bmp;dlg;rc2;rct;bin;rgs;gif;jpg;jpeg;jpe;resx;tiff;tif;png;wav;mfcribbon-ms</Extensions>
    </Filter>
    <Filter Include="extern">
      <UniqueIdentifier>{ad661f87-d177-4270-82e1-430723511923}</UniqueIdentifier>
    </Filter>
    <Filter Include="extern\imgui">
      <UniqueIdentifier>{236ce4c4-bf91-4077-a5c6-f7e0600f100c}</UniqueIdentifier>
    </Filter>
    <Filter Include="extern\imgui-sfml">
      <UniqueIdentifier>{dbf8a6f8-1183-421c-b8bb-5e1c28480565}</UniqueIdentifier>
    </Filter>
    <Filter Include="extern\imgui-addons">
      <UniqueIdentifier>{9ff235d1-87de-4549-b832-73a37def35d0}</UniqueIdentifier>
    </Filter>
    <Filter Include="extern\imgui-addons\FileBrowser">
      <UniqueIdentifier>{4554ad2f-1e57-4154-8835-cc8229cf4f7e}</UniqueIdentifier>
    </Filter>
    <Filter Include="extern\miniz-cpp">
      <UniqueIdentifier>{c2ff2874-218d-4242-b388-950a93fa5e07}</UniqueIdentifier>
    </Filter>
    <Filter Include="extern\TinyXML-2">
      <UniqueIdentifier>{bd4fbe8e-f613-42c5-a449-147917542c51}</UniqueIdentifier>
    </Filter>
    <Filter Include="extern\base64">
      <UniqueIdentifier>{41107896-b71a-47f8-9963-fed5491ee472}</UniqueIdentifier>
    </Filter>
    <Filter Include="extern\stb">
      <UniqueIdentifier>{a0474975-525a-456a-a4d5-7a7758acc008}</UniqueIdentifier>
    </Filter>
    <Filter Include="shader">
      <UniqueIdentifier>{0f92c5e1-e24a-4b80-aab4-ced68f180d41}</UniqueIdentifier>
    </Filter>
  </ItemGroup>
  <ItemGroup>
    <ClCompile Include="src\main.cpp">
      <Filter>src</Filter>
    </ClCompile>
    <ClCompile Include="..\extern\imgui\imgui.cpp">
      <Filter>extern\imgui</Filter>
    </ClCompile>
    <ClCompile Include="..\extern\imgui\imgui_demo.cpp">
      <Filter>extern\imgui</Filter>
    </ClCompile>
    <ClCompile Include="..\extern\imgui\imgui_draw.cpp">
      <Filter>extern\imgui</Filter>
    </ClCompile>
    <ClCompile Include="..\extern\imgui\imgui_tables.cpp">
      <Filter>extern\imgui</Filter>
    </ClCompile>
    <ClCompile Include="..\extern\imgui\imgui_widgets.cpp">
      <Filter>extern\imgui</Filter>
    </ClCompile>
    <ClCompile Include="..\extern\imgui-sfml\imgui-SFML.cpp">
      <Filter>extern\imgui-sfml</Filter>
    </ClCompile>
    <ClCompile Include="..\extern\ImGui-Addons\FileBrowser\ImGuiFileBrowser.cpp">
      <Filter>extern\imgui-addons</Filter>
    </ClCompile>
    <ClCompile Include="..\extern\tinyxml2\tinyxml2.cpp">
      <Filter>extern\TinyXML-2</Filter>
    </ClCompile>
    <ClCompile Include="src\map.cpp">
      <Filter>src</Filter>
    </ClCompile>
    <ClCompile Include="src\resourceinfo.cpp">
      <Filter>src</Filter>
    </ClCompile>
    <ClCompile Include="src\guistyle.cpp">
      <Filter>src</Filter>
    </ClCompile>
    <ClCompile Include="src\stringconvert.cpp">
      <Filter>src</Filter>
    </ClCompile>
    <ClCompile Include="src\precomp.cpp">
      <Filter>src</Filter>
    </ClCompile>
    <ClCompile Include="src\shadermanager.cpp">
      <Filter>src</Filter>
    </ClCompile>
  </ItemGroup>
  <ItemGroup>
    <None Include="..\README.md" />
    <None Include="shader\default_ps.fx">
      <Filter>shader</Filter>
    </None>
    <None Include="shader\default_vs.fx">
      <Filter>shader</Filter>
    </None>
    <None Include="shader\territories_ps.fx">
      <Filter>shader</Filter>
    </None>
    <None Include="shader\territories_vs.fx">
      <Filter>shader</Filter>
    </None>
  </ItemGroup>
  <ItemGroup>
    <ClInclude Include="..\extern\miniz-cpp\zip_file.hpp">
      <Filter>extern\miniz-cpp</Filter>
    </ClInclude>
    <ClInclude Include="..\extern\base64\base64.hpp">
      <Filter>extern\base64</Filter>
    </ClInclude>
    <ClInclude Include="..\extern\stb\stb_image.h">
      <Filter>extern\stb</Filter>
    </ClInclude>
    <ClInclude Include="src\map.h">
      <Filter>src</Filter>
    </ClInclude>
    <ClInclude Include="src\maths.h">
      <Filter>src</Filter>
    </ClInclude>
    <ClInclude Include="src\resourceinfo.h">
      <Filter>src</Filter>
    </ClInclude>
    <ClInclude Include="src\colorfloat4.h">
      <Filter>src</Filter>
    </ClInclude>
    <ClInclude Include="src\guistyle.h">
      <Filter>src</Filter>
    </ClInclude>
    <ClInclude Include="src\stringconvert.h">
      <Filter>src</Filter>
    </ClInclude>
    <ClInclude Include="src\precomp.h">
      <Filter>src</Filter>
    </ClInclude>
    <ClInclude Include="shader\fx.h">
      <Filter>shader</Filter>
    </ClInclude>
    <ClInclude Include="shader\hlsl2glsl.h">
      <Filter>shader</Filter>
    </ClInclude>
    <ClInclude Include="src\shadermanager.h">
      <Filter>src</Filter>
    </ClInclude>
  </ItemGroup>
  <ItemGroup>
    <FxCompile Include="shader\resources_ps.fx">
      <Filter>shader</Filter>
    </FxCompile>
    <FxCompile Include="shader\resources_vs.fx">
      <Filter>shader</Filter>
    </FxCompile>
  </ItemGroup>
</Project>